
Microsoft Visual Studio Solution File, Format Version 12.00
# Visual Studio Version 17
VisualStudioVersion = 17.2.32630.192
MinimumVisualStudioVersion = 10.0.40219.1
Project("{9A19103F-16F7-4668-BE54-9A1E7A4F7556}") = "R5T.L0089.Construction", "R5T.L0089.Construction\R5T.L0089.Construction.csproj", "{C44B85AA-A85A-40EC-A1AE-D58BC7DD2B81}"
EndProject
Project("{9A19103F-16F7-4668-BE54-9A1E7A4F7556}") = "R5T.L0089", "R5T.L0089\R5T.L0089.csproj", "{3B82B5C3-240C-4998-8120-5911E64C921B}"
EndProject
Project("{9A19103F-16F7-4668-BE54-9A1E7A4F7556}") = "R5T.L0089.T000", "R5T.L0089.T000/R5T.L0089.T000.csproj", "{88C24867-2713-41DF-85B1-305341D5653E}"
EndProject
Project("{2150E333-8FDC-42A3-9474-1A3956D46DE8}") = "_Dependencies", "_Dependencies", "{88AEC3EB-086A-424F-A39D-66531D03AF50}"
EndProject
Project("{9A19103F-16F7-4668-BE54-9A1E7A4F7556}") = "R5T.F0000", "../../R5T.F0000/source/R5T.F0000/R5T.F0000.csproj", "{A5F98D37-D7FF-4870-AB19-7F17D027FE56}"
EndProject
Project("{9A19103F-16F7-4668-BE54-9A1E7A4F7556}") = "R5T.F0002", "../../R5T.F0002/source/R5T.F0002/R5T.F0002.csproj", "{25521305-D7E5-45ED-8FB2-F9D1291E87B0}"
EndProject
Project("{9A19103F-16F7-4668-BE54-9A1E7A4F7556}") = "R5T.F0059", "../../R5T.F0059/source/R5T.F0059/R5T.F0059.csproj", "{E4B1438E-229D-442F-8CFC-EEF0C1D98248}"
EndProject
Project("{9A19103F-16F7-4668-BE54-9A1E7A4F7556}") = "R5T.F0120", "../../R5T.F0120/source/R5T.F0120/R5T.F0120.csproj", "{9744C248-62C7-4516-9330-7BA58210D5BB}"
EndProject
Project("{9A19103F-16F7-4668-BE54-9A1E7A4F7556}") = "R5T.F0124", "../../R5T.F0124/source/R5T.F0124/R5T.F0124.csproj", "{C86846EB-A24B-4506-B474-9C27AF1587EC}"
EndProject
Project("{9A19103F-16F7-4668-BE54-9A1E7A4F7556}") = "R5T.F0125", "../../R5T.F0125/source/R5T.F0125/R5T.F0125.csproj", "{D0FEDBB4-CD68-4CB6-8666-887144E2DE83}"
EndProject
Project("{9A19103F-16F7-4668-BE54-9A1E7A4F7556}") = "R5T.L0030.T000", "../../R5T.L0030/source/R5T.L0030.T000/R5T.L0030.T000.csproj", "{3589BCBE-174E-4696-9985-39AB724EF18F}"
EndProject
Project("{9A19103F-16F7-4668-BE54-9A1E7A4F7556}") = "R5T.L0030", "../../R5T.L0030/source/R5T.L0030/R5T.L0030.csproj", "{AA0527F2-4991-46A8-87C2-E1D1701AEA44}"
EndProject
Project("{9A19103F-16F7-4668-BE54-9A1E7A4F7556}") = "R5T.L0034", "../../R5T.L0034/source/R5T.L0034/R5T.L0034.csproj", "{5EE3DDDE-3ACD-48B0-AADD-666B180F4937}"
EndProject
Project("{9A19103F-16F7-4668-BE54-9A1E7A4F7556}") = "R5T.L0035", "../../R5T.L0035/source/R5T.L0035/R5T.L0035.csproj", "{56DEB0A9-3BA1-43D5-BA76-158E8AFB4C3D}"
EndProject
Project("{9A19103F-16F7-4668-BE54-9A1E7A4F7556}") = "R5T.L0053", "../../R5T.L0053/source/R5T.L0053/R5T.L0053.csproj", "{A33CFD60-F800-4708-B421-1D7DC51EA5A0}"
EndProject
Project("{9A19103F-16F7-4668-BE54-9A1E7A4F7556}") = "R5T.L0056", "../../R5T.L0056/source/R5T.L0056/R5T.L0056.csproj", "{92E419BC-35E1-4610-A32A-59B5E754AED1}"
EndProject
Project("{9A19103F-16F7-4668-BE54-9A1E7A4F7556}") = "R5T.L0066", "../../R5T.L0066/source/R5T.L0066/R5T.L0066.csproj", "{D8EE8C0E-8C66-4CA5-8E35-752CAEB7FE2A}"
EndProject
Project("{9A19103F-16F7-4668-BE54-9A1E7A4F7556}") = "R5T.L0071", "../../R5T.L0071/source/R5T.L0071/R5T.L0071.csproj", "{443A95D7-1668-473A-82AD-D184766DE678}"
EndProject
Project("{9A19103F-16F7-4668-BE54-9A1E7A4F7556}") = "R5T.L0074", "../../R5T.L0074/source/R5T.L0074/R5T.L0074.csproj", "{DA0F540A-9868-4BCF-ADC9-25F144FAAA39}"
EndProject
Project("{9A19103F-16F7-4668-BE54-9A1E7A4F7556}") = "R5T.NG0006", "../../R5T.NG0006/source/R5T.NG0006/R5T.NG0006.csproj", "{37E558B7-F66A-4FFB-BFA9-160F181A37D8}"
EndProject
Project("{9A19103F-16F7-4668-BE54-9A1E7A4F7556}") = "R5T.NG0022", "../../R5T.NG0022/source/R5T.NG0022/R5T.NG0022.csproj", "{37CF2599-6005-4B66-A79F-F9B7EF0ADD53}"
EndProject
Project("{9A19103F-16F7-4668-BE54-9A1E7A4F7556}") = "R5T.T0131", "../../R5T.T0131/source/R5T.T0131/R5T.T0131.csproj", "{7B7D6153-7AA5-4640-8005-7815F4C80A17}"
EndProject
Project("{9A19103F-16F7-4668-BE54-9A1E7A4F7556}") = "R5T.T0132", "../../R5T.T0132/source/R5T.T0132/R5T.T0132.csproj", "{AF63A234-04F1-4AE3-96F7-FA22688FAA14}"
EndProject
Project("{9A19103F-16F7-4668-BE54-9A1E7A4F7556}") = "R5T.T0142", "../../R5T.T0142/source/R5T.T0142/R5T.T0142.csproj", "{F9EB4D0D-4180-4BB7-91F5-BC22C3C3ED8A}"
EndProject
Project("{9A19103F-16F7-4668-BE54-9A1E7A4F7556}") = "R5T.T0143", "../../R5T.T0143/source/R5T.T0143/R5T.T0143.csproj", "{8B0CA8C5-6ABB-43AA-A2F3-CDCB6EBEE82B}"
EndProject
Project("{9A19103F-16F7-4668-BE54-9A1E7A4F7556}") = "R5T.T0150", "../../R5T.T0150/source/R5T.T0150/R5T.T0150.csproj", "{72A20DCD-94B2-413E-BA68-1C3248FE2A41}"
EndProject
Project("{9A19103F-16F7-4668-BE54-9A1E7A4F7556}") = "R5T.T0151", "../../R5T.T0151/source/R5T.T0151/R5T.T0151.csproj", "{F6A9730F-2F33-4E14-9541-25FC06D01EFF}"
EndProject
Project("{9A19103F-16F7-4668-BE54-9A1E7A4F7556}") = "R5T.T0156", "../../R5T.T0156/source/R5T.T0156/R5T.T0156.csproj", "{5BB9D396-A357-40ED-9572-427F5B66B8A2}"
EndProject
Project("{9A19103F-16F7-4668-BE54-9A1E7A4F7556}") = "R5T.T0158", "../../R5T.T0158/source/R5T.T0158/R5T.T0158.csproj", "{76AFA124-9C9D-4E60-A385-4562F4B08714}"
EndProject
Project("{9A19103F-16F7-4668-BE54-9A1E7A4F7556}") = "R5T.T0159", "../../R5T.T0159/source/R5T.T0159/R5T.T0159.csproj", "{2F2D7DDF-E5FA-493D-AE5D-D992D575D8C9}"
EndProject
Project("{9A19103F-16F7-4668-BE54-9A1E7A4F7556}") = "R5T.T0172", "../../R5T.T0172/source/R5T.T0172/R5T.T0172.csproj", "{1723943E-808F-4711-B3A4-4ABB6BF39F0B}"
EndProject
Project("{9A19103F-16F7-4668-BE54-9A1E7A4F7556}") = "R5T.T0174", "../../R5T.T0174/source/R5T.T0174/R5T.T0174.csproj", "{FAA0CE1F-68D9-48A1-BC1A-BC578C757D8E}"
EndProject
Project("{9A19103F-16F7-4668-BE54-9A1E7A4F7556}") = "R5T.T0176", "../../R5T.T0176/source/R5T.T0176/R5T.T0176.csproj", "{0BD6F027-AE7A-4E38-96A6-534AD4D346AA}"
EndProject
Project("{9A19103F-16F7-4668-BE54-9A1E7A4F7556}") = "R5T.T0177", "../../R5T.T0177/source/R5T.T0177/R5T.T0177.csproj", "{145D8BD6-9A3E-4C14-B3CC-A2C20C34D21D}"
EndProject
Project("{9A19103F-16F7-4668-BE54-9A1E7A4F7556}") = "R5T.T0178", "../../R5T.T0178/source/R5T.T0178/R5T.T0178.csproj", "{03B8C8BD-6974-4301-8920-7CEA6E32B03C}"
EndProject
Project("{9A19103F-16F7-4668-BE54-9A1E7A4F7556}") = "R5T.T0179", "../../R5T.T0179/source/R5T.T0179/R5T.T0179.csproj", "{43D8F051-6EFD-4D80-90BC-7DABF585F950}"
EndProject
Project("{9A19103F-16F7-4668-BE54-9A1E7A4F7556}") = "R5T.T0180", "../../R5T.T0180/source/R5T.T0180/R5T.T0180.csproj", "{F09F5209-5690-4EEE-BE88-2FDE03E1FA26}"
EndProject
Project("{9A19103F-16F7-4668-BE54-9A1E7A4F7556}") = "R5T.T0181", "../../R5T.T0181/source/R5T.T0181/R5T.T0181.csproj", "{14844CFA-644C-41AE-81A7-59B29145EFEC}"
EndProject
Project("{9A19103F-16F7-4668-BE54-9A1E7A4F7556}") = "R5T.T0185", "../../R5T.T0185/source/R5T.T0185/R5T.T0185.csproj", "{B5466B57-F533-44DC-A461-B71F8B05A257}"
EndProject
Project("{9A19103F-16F7-4668-BE54-9A1E7A4F7556}") = "R5T.T0199.T000", "../../R5T.T0199/source/R5T.T0199.T000/R5T.T0199.T000.csproj", "{E83283A0-338A-41EA-B2B7-E354623F11E4}"
EndProject
Project("{9A19103F-16F7-4668-BE54-9A1E7A4F7556}") = "R5T.T0199.T001", "../../R5T.T0199/source/R5T.T0199.T001/R5T.T0199.T001.csproj", "{8B2AE17A-FFEC-40EC-B46F-C83CD8E63371}"
EndProject
Project("{9A19103F-16F7-4668-BE54-9A1E7A4F7556}") = "R5T.T0199", "../../R5T.T0199/source/R5T.T0199/R5T.T0199.csproj", "{07032E9B-49BA-4227-A157-D081413DD109}"
EndProject
Project("{9A19103F-16F7-4668-BE54-9A1E7A4F7556}") = "R5T.T0203", "../../R5T.T0203/source/R5T.T0203/R5T.T0203.csproj", "{CA6F53C3-C5CD-4F77-8824-BE0E81933BBF}"
EndProject
Project("{9A19103F-16F7-4668-BE54-9A1E7A4F7556}") = "R5T.T0213", "../../R5T.T0213/source/R5T.T0213/R5T.T0213.csproj", "{7527C283-0246-44B4-8AAA-C7A5BB777660}"
EndProject
Project("{9A19103F-16F7-4668-BE54-9A1E7A4F7556}") = "R5T.T0218", "../../R5T.T0218/source/R5T.T0218/R5T.T0218.csproj", "{459B06FB-1BDC-4061-9C5F-FC4108CE535A}"
EndProject
Project("{9A19103F-16F7-4668-BE54-9A1E7A4F7556}") = "R5T.T0219", "../../R5T.T0219/source/R5T.T0219/R5T.T0219.csproj", "{35CF82A4-E2F3-432D-A3AA-559ED7D38A5E}"
EndProject
Project("{9A19103F-16F7-4668-BE54-9A1E7A4F7556}") = "R5T.T0220", "../../R5T.T0220/source/R5T.T0220/R5T.T0220.csproj", "{2961072A-FB97-4F2A-8445-496D08CFE972}"
EndProject
Project("{9A19103F-16F7-4668-BE54-9A1E7A4F7556}") = "R5T.T0221", "../../R5T.T0221/source/R5T.T0221/R5T.T0221.csproj", "{7D730466-1504-4099-9121-FA09C3476A6E}"
EndProject
Project("{9A19103F-16F7-4668-BE54-9A1E7A4F7556}") = "R5T.T0227", "../../R5T.T0227/source/R5T.T0227/R5T.T0227.csproj", "{D19E6D2A-74C6-4910-8EB5-8470F1021916}"
EndProject
Project("{9A19103F-16F7-4668-BE54-9A1E7A4F7556}") = "R5T.Y0000", "../../R5T.Y0000/source/R5T.Y0000/R5T.Y0000.csproj", "{46187E70-2ACE-4CD7-950C-6A8E0373EF95}"
EndProject
Project("{9A19103F-16F7-4668-BE54-9A1E7A4F7556}") = "R5T.Y0006", "../../R5T.Y0006/source/R5T.Y0006/R5T.Y0006.csproj", "{27093C9A-FA0C-4B12-823E-7756B2B4C55E}"
EndProject
Project("{9A19103F-16F7-4668-BE54-9A1E7A4F7556}") = "R5T.Z0000", "../../R5T.Z0000/source/R5T.Z0000/R5T.Z0000.csproj", "{C5D9B6D1-5FC4-4943-951E-4523CE5F4ECF}"
EndProject
Project("{9A19103F-16F7-4668-BE54-9A1E7A4F7556}") = "R5T.Z0010.Platform", "../../R5T.Z0010/source/R5T.Z0010.Platform/R5T.Z0010.Platform.csproj", "{61D61CFB-FA25-41B3-9D44-49EA3F6E2B0A}"
EndProject
Project("{9A19103F-16F7-4668-BE54-9A1E7A4F7556}") = "R5T.Z0010", "../../R5T.Z0010/source/R5T.Z0010/R5T.Z0010.csproj", "{3372847A-9786-4287-B3BF-B3D6C7C48324}"
EndProject
Project("{9A19103F-16F7-4668-BE54-9A1E7A4F7556}") = "R5T.Z0057.Platform", "../../R5T.Z0057/source/R5T.Z0057.Platform/R5T.Z0057.Platform.csproj", "{786DBF23-5362-4E44-8EC5-E0CA2D706805}"
EndProject
Project("{9A19103F-16F7-4668-BE54-9A1E7A4F7556}") = "R5T.Z0057", "../../R5T.Z0057/source/R5T.Z0057/R5T.Z0057.csproj", "{A57A49BC-A154-4AB1-B2A9-9099E27C004C}"
EndProject
Project("{9A19103F-16F7-4668-BE54-9A1E7A4F7556}") = "R5T.Z0058", "../../R5T.Z0058/source/R5T.Z0058/R5T.Z0058.csproj", "{5FF82EA6-0C3D-4DB3-9E8F-5EAD8713D0F2}"
EndProject
Project("{9A19103F-16F7-4668-BE54-9A1E7A4F7556}") = "R5T.L0089.F000", "R5T.L0089.F000/R5T.L0089.F000.csproj", "{9F32FF72-B1AD-41EA-8B9E-149BE93CFEEB}"
EndProject
Global
	GlobalSection(NestedProjects) = preSolution
		{A5F98D37-D7FF-4870-AB19-7F17D027FE56} = {88AEC3EB-086A-424F-A39D-66531D03AF50}
		{25521305-D7E5-45ED-8FB2-F9D1291E87B0} = {88AEC3EB-086A-424F-A39D-66531D03AF50}
		{E4B1438E-229D-442F-8CFC-EEF0C1D98248} = {88AEC3EB-086A-424F-A39D-66531D03AF50}
		{9744C248-62C7-4516-9330-7BA58210D5BB} = {88AEC3EB-086A-424F-A39D-66531D03AF50}
		{C86846EB-A24B-4506-B474-9C27AF1587EC} = {88AEC3EB-086A-424F-A39D-66531D03AF50}
		{D0FEDBB4-CD68-4CB6-8666-887144E2DE83} = {88AEC3EB-086A-424F-A39D-66531D03AF50}
		{3589BCBE-174E-4696-9985-39AB724EF18F} = {88AEC3EB-086A-424F-A39D-66531D03AF50}
		{AA0527F2-4991-46A8-87C2-E1D1701AEA44} = {88AEC3EB-086A-424F-A39D-66531D03AF50}
		{5EE3DDDE-3ACD-48B0-AADD-666B180F4937} = {88AEC3EB-086A-424F-A39D-66531D03AF50}
		{56DEB0A9-3BA1-43D5-BA76-158E8AFB4C3D} = {88AEC3EB-086A-424F-A39D-66531D03AF50}
		{A33CFD60-F800-4708-B421-1D7DC51EA5A0} = {88AEC3EB-086A-424F-A39D-66531D03AF50}
		{92E419BC-35E1-4610-A32A-59B5E754AED1} = {88AEC3EB-086A-424F-A39D-66531D03AF50}
		{D8EE8C0E-8C66-4CA5-8E35-752CAEB7FE2A} = {88AEC3EB-086A-424F-A39D-66531D03AF50}
		{443A95D7-1668-473A-82AD-D184766DE678} = {88AEC3EB-086A-424F-A39D-66531D03AF50}
		{DA0F540A-9868-4BCF-ADC9-25F144FAAA39} = {88AEC3EB-086A-424F-A39D-66531D03AF50}
		{37E558B7-F66A-4FFB-BFA9-160F181A37D8} = {88AEC3EB-086A-424F-A39D-66531D03AF50}
		{37CF2599-6005-4B66-A79F-F9B7EF0ADD53} = {88AEC3EB-086A-424F-A39D-66531D03AF50}
		{7B7D6153-7AA5-4640-8005-7815F4C80A17} = {88AEC3EB-086A-424F-A39D-66531D03AF50}
		{AF63A234-04F1-4AE3-96F7-FA22688FAA14} = {88AEC3EB-086A-424F-A39D-66531D03AF50}
		{F9EB4D0D-4180-4BB7-91F5-BC22C3C3ED8A} = {88AEC3EB-086A-424F-A39D-66531D03AF50}
		{8B0CA8C5-6ABB-43AA-A2F3-CDCB6EBEE82B} = {88AEC3EB-086A-424F-A39D-66531D03AF50}
		{72A20DCD-94B2-413E-BA68-1C3248FE2A41} = {88AEC3EB-086A-424F-A39D-66531D03AF50}
		{F6A9730F-2F33-4E14-9541-25FC06D01EFF} = {88AEC3EB-086A-424F-A39D-66531D03AF50}
		{5BB9D396-A357-40ED-9572-427F5B66B8A2} = {88AEC3EB-086A-424F-A39D-66531D03AF50}
		{76AFA124-9C9D-4E60-A385-4562F4B08714} = {88AEC3EB-086A-424F-A39D-66531D03AF50}
		{2F2D7DDF-E5FA-493D-AE5D-D992D575D8C9} = {88AEC3EB-086A-424F-A39D-66531D03AF50}
		{1723943E-808F-4711-B3A4-4ABB6BF39F0B} = {88AEC3EB-086A-424F-A39D-66531D03AF50}
		{FAA0CE1F-68D9-48A1-BC1A-BC578C757D8E} = {88AEC3EB-086A-424F-A39D-66531D03AF50}
		{0BD6F027-AE7A-4E38-96A6-534AD4D346AA} = {88AEC3EB-086A-424F-A39D-66531D03AF50}
		{145D8BD6-9A3E-4C14-B3CC-A2C20C34D21D} = {88AEC3EB-086A-424F-A39D-66531D03AF50}
		{03B8C8BD-6974-4301-8920-7CEA6E32B03C} = {88AEC3EB-086A-424F-A39D-66531D03AF50}
		{43D8F051-6EFD-4D80-90BC-7DABF585F950} = {88AEC3EB-086A-424F-A39D-66531D03AF50}
		{F09F5209-5690-4EEE-BE88-2FDE03E1FA26} = {88AEC3EB-086A-424F-A39D-66531D03AF50}
		{14844CFA-644C-41AE-81A7-59B29145EFEC} = {88AEC3EB-086A-424F-A39D-66531D03AF50}
		{B5466B57-F533-44DC-A461-B71F8B05A257} = {88AEC3EB-086A-424F-A39D-66531D03AF50}
		{E83283A0-338A-41EA-B2B7-E354623F11E4} = {88AEC3EB-086A-424F-A39D-66531D03AF50}
		{8B2AE17A-FFEC-40EC-B46F-C83CD8E63371} = {88AEC3EB-086A-424F-A39D-66531D03AF50}
		{07032E9B-49BA-4227-A157-D081413DD109} = {88AEC3EB-086A-424F-A39D-66531D03AF50}
		{CA6F53C3-C5CD-4F77-8824-BE0E81933BBF} = {88AEC3EB-086A-424F-A39D-66531D03AF50}
		{7527C283-0246-44B4-8AAA-C7A5BB777660} = {88AEC3EB-086A-424F-A39D-66531D03AF50}
		{459B06FB-1BDC-4061-9C5F-FC4108CE535A} = {88AEC3EB-086A-424F-A39D-66531D03AF50}
		{35CF82A4-E2F3-432D-A3AA-559ED7D38A5E} = {88AEC3EB-086A-424F-A39D-66531D03AF50}
		{2961072A-FB97-4F2A-8445-496D08CFE972} = {88AEC3EB-086A-424F-A39D-66531D03AF50}
		{7D730466-1504-4099-9121-FA09C3476A6E} = {88AEC3EB-086A-424F-A39D-66531D03AF50}
		{D19E6D2A-74C6-4910-8EB5-8470F1021916} = {88AEC3EB-086A-424F-A39D-66531D03AF50}
		{46187E70-2ACE-4CD7-950C-6A8E0373EF95} = {88AEC3EB-086A-424F-A39D-66531D03AF50}
		{27093C9A-FA0C-4B12-823E-7756B2B4C55E} = {88AEC3EB-086A-424F-A39D-66531D03AF50}
		{C5D9B6D1-5FC4-4943-951E-4523CE5F4ECF} = {88AEC3EB-086A-424F-A39D-66531D03AF50}
		{61D61CFB-FA25-41B3-9D44-49EA3F6E2B0A} = {88AEC3EB-086A-424F-A39D-66531D03AF50}
		{3372847A-9786-4287-B3BF-B3D6C7C48324} = {88AEC3EB-086A-424F-A39D-66531D03AF50}
		{786DBF23-5362-4E44-8EC5-E0CA2D706805} = {88AEC3EB-086A-424F-A39D-66531D03AF50}
		{A57A49BC-A154-4AB1-B2A9-9099E27C004C} = {88AEC3EB-086A-424F-A39D-66531D03AF50}
		{5FF82EA6-0C3D-4DB3-9E8F-5EAD8713D0F2} = {88AEC3EB-086A-424F-A39D-66531D03AF50}
	EndGlobalSection
	GlobalSection(SolutionConfigurationPlatforms) = preSolution
		Debug|Any CPU = Debug|Any CPU
		Release|Any CPU = Release|Any CPU
	EndGlobalSection
	GlobalSection(ProjectConfigurationPlatforms) = postSolution
		{C44B85AA-A85A-40EC-A1AE-D58BC7DD2B81}.Debug|Any CPU.ActiveCfg = Debug|Any CPU
		{C44B85AA-A85A-40EC-A1AE-D58BC7DD2B81}.Debug|Any CPU.Build.0 = Debug|Any CPU
		{C44B85AA-A85A-40EC-A1AE-D58BC7DD2B81}.Release|Any CPU.ActiveCfg = Release|Any CPU
		{C44B85AA-A85A-40EC-A1AE-D58BC7DD2B81}.Release|Any CPU.Build.0 = Release|Any CPU
		{3B82B5C3-240C-4998-8120-5911E64C921B}.Debug|Any CPU.ActiveCfg = Debug|Any CPU
		{3B82B5C3-240C-4998-8120-5911E64C921B}.Debug|Any CPU.Build.0 = Debug|Any CPU
		{3B82B5C3-240C-4998-8120-5911E64C921B}.Release|Any CPU.ActiveCfg = Release|Any CPU
		{3B82B5C3-240C-4998-8120-5911E64C921B}.Release|Any CPU.Build.0 = Release|Any CPU
		{88C24867-2713-41DF-85B1-305341D5653E}.Debug|Any CPU.ActiveCfg = Debug|Any CPU
		{88C24867-2713-41DF-85B1-305341D5653E}.Debug|Any CPU.Build.0 = Debug|Any CPU
		{88C24867-2713-41DF-85B1-305341D5653E}.Release|Any CPU.ActiveCfg = Release|Any CPU
		{88C24867-2713-41DF-85B1-305341D5653E}.Release|Any CPU.Build.0 = Release|Any CPU
		{A5F98D37-D7FF-4870-AB19-7F17D027FE56}.Debug|Any CPU.ActiveCfg = Debug|Any CPU
		{A5F98D37-D7FF-4870-AB19-7F17D027FE56}.Debug|Any CPU.Build.0 = Debug|Any CPU
		{A5F98D37-D7FF-4870-AB19-7F17D027FE56}.Release|Any CPU.ActiveCfg = Release|Any CPU
		{A5F98D37-D7FF-4870-AB19-7F17D027FE56}.Release|Any CPU.Build.0 = Release|Any CPU
		{25521305-D7E5-45ED-8FB2-F9D1291E87B0}.Debug|Any CPU.ActiveCfg = Debug|Any CPU
		{25521305-D7E5-45ED-8FB2-F9D1291E87B0}.Debug|Any CPU.Build.0 = Debug|Any CPU
		{25521305-D7E5-45ED-8FB2-F9D1291E87B0}.Release|Any CPU.ActiveCfg = Release|Any CPU
		{25521305-D7E5-45ED-8FB2-F9D1291E87B0}.Release|Any CPU.Build.0 = Release|Any CPU
		{E4B1438E-229D-442F-8CFC-EEF0C1D98248}.Debug|Any CPU.ActiveCfg = Debug|Any CPU
		{E4B1438E-229D-442F-8CFC-EEF0C1D98248}.Debug|Any CPU.Build.0 = Debug|Any CPU
		{E4B1438E-229D-442F-8CFC-EEF0C1D98248}.Release|Any CPU.ActiveCfg = Release|Any CPU
		{E4B1438E-229D-442F-8CFC-EEF0C1D98248}.Release|Any CPU.Build.0 = Release|Any CPU
		{9744C248-62C7-4516-9330-7BA58210D5BB}.Debug|Any CPU.ActiveCfg = Debug|Any CPU
		{9744C248-62C7-4516-9330-7BA58210D5BB}.Debug|Any CPU.Build.0 = Debug|Any CPU
		{9744C248-62C7-4516-9330-7BA58210D5BB}.Release|Any CPU.ActiveCfg = Release|Any CPU
		{9744C248-62C7-4516-9330-7BA58210D5BB}.Release|Any CPU.Build.0 = Release|Any CPU
		{C86846EB-A24B-4506-B474-9C27AF1587EC}.Debug|Any CPU.ActiveCfg = Debug|Any CPU
		{C86846EB-A24B-4506-B474-9C27AF1587EC}.Debug|Any CPU.Build.0 = Debug|Any CPU
		{C86846EB-A24B-4506-B474-9C27AF1587EC}.Release|Any CPU.ActiveCfg = Release|Any CPU
		{C86846EB-A24B-4506-B474-9C27AF1587EC}.Release|Any CPU.Build.0 = Release|Any CPU
		{D0FEDBB4-CD68-4CB6-8666-887144E2DE83}.Debug|Any CPU.ActiveCfg = Debug|Any CPU
		{D0FEDBB4-CD68-4CB6-8666-887144E2DE83}.Debug|Any CPU.Build.0 = Debug|Any CPU
		{D0FEDBB4-CD68-4CB6-8666-887144E2DE83}.Release|Any CPU.ActiveCfg = Release|Any CPU
		{D0FEDBB4-CD68-4CB6-8666-887144E2DE83}.Release|Any CPU.Build.0 = Release|Any CPU
		{3589BCBE-174E-4696-9985-39AB724EF18F}.Debug|Any CPU.ActiveCfg = Debug|Any CPU
		{3589BCBE-174E-4696-9985-39AB724EF18F}.Debug|Any CPU.Build.0 = Debug|Any CPU
		{3589BCBE-174E-4696-9985-39AB724EF18F}.Release|Any CPU.ActiveCfg = Release|Any CPU
		{3589BCBE-174E-4696-9985-39AB724EF18F}.Release|Any CPU.Build.0 = Release|Any CPU
		{AA0527F2-4991-46A8-87C2-E1D1701AEA44}.Debug|Any CPU.ActiveCfg = Debug|Any CPU
		{AA0527F2-4991-46A8-87C2-E1D1701AEA44}.Debug|Any CPU.Build.0 = Debug|Any CPU
		{AA0527F2-4991-46A8-87C2-E1D1701AEA44}.Release|Any CPU.ActiveCfg = Release|Any CPU
		{AA0527F2-4991-46A8-87C2-E1D1701AEA44}.Release|Any CPU.Build.0 = Release|Any CPU
		{5EE3DDDE-3ACD-48B0-AADD-666B180F4937}.Debug|Any CPU.ActiveCfg = Debug|Any CPU
		{5EE3DDDE-3ACD-48B0-AADD-666B180F4937}.Debug|Any CPU.Build.0 = Debug|Any CPU
		{5EE3DDDE-3ACD-48B0-AADD-666B180F4937}.Release|Any CPU.ActiveCfg = Release|Any CPU
		{5EE3DDDE-3ACD-48B0-AADD-666B180F4937}.Release|Any CPU.Build.0 = Release|Any CPU
		{56DEB0A9-3BA1-43D5-BA76-158E8AFB4C3D}.Debug|Any CPU.ActiveCfg = Debug|Any CPU
		{56DEB0A9-3BA1-43D5-BA76-158E8AFB4C3D}.Debug|Any CPU.Build.0 = Debug|Any CPU
		{56DEB0A9-3BA1-43D5-BA76-158E8AFB4C3D}.Release|Any CPU.ActiveCfg = Release|Any CPU
		{56DEB0A9-3BA1-43D5-BA76-158E8AFB4C3D}.Release|Any CPU.Build.0 = Release|Any CPU
		{A33CFD60-F800-4708-B421-1D7DC51EA5A0}.Debug|Any CPU.ActiveCfg = Debug|Any CPU
		{A33CFD60-F800-4708-B421-1D7DC51EA5A0}.Debug|Any CPU.Build.0 = Debug|Any CPU
		{A33CFD60-F800-4708-B421-1D7DC51EA5A0}.Release|Any CPU.ActiveCfg = Release|Any CPU
		{A33CFD60-F800-4708-B421-1D7DC51EA5A0}.Release|Any CPU.Build.0 = Release|Any CPU
		{92E419BC-35E1-4610-A32A-59B5E754AED1}.Debug|Any CPU.ActiveCfg = Debug|Any CPU
		{92E419BC-35E1-4610-A32A-59B5E754AED1}.Debug|Any CPU.Build.0 = Debug|Any CPU
		{92E419BC-35E1-4610-A32A-59B5E754AED1}.Release|Any CPU.ActiveCfg = Release|Any CPU
		{92E419BC-35E1-4610-A32A-59B5E754AED1}.Release|Any CPU.Build.0 = Release|Any CPU
		{D8EE8C0E-8C66-4CA5-8E35-752CAEB7FE2A}.Debug|Any CPU.ActiveCfg = Debug|Any CPU
		{D8EE8C0E-8C66-4CA5-8E35-752CAEB7FE2A}.Debug|Any CPU.Build.0 = Debug|Any CPU
		{D8EE8C0E-8C66-4CA5-8E35-752CAEB7FE2A}.Release|Any CPU.ActiveCfg = Release|Any CPU
		{D8EE8C0E-8C66-4CA5-8E35-752CAEB7FE2A}.Release|Any CPU.Build.0 = Release|Any CPU
		{443A95D7-1668-473A-82AD-D184766DE678}.Debug|Any CPU.ActiveCfg = Debug|Any CPU
		{443A95D7-1668-473A-82AD-D184766DE678}.Debug|Any CPU.Build.0 = Debug|Any CPU
		{443A95D7-1668-473A-82AD-D184766DE678}.Release|Any CPU.ActiveCfg = Release|Any CPU
		{443A95D7-1668-473A-82AD-D184766DE678}.Release|Any CPU.Build.0 = Release|Any CPU
		{DA0F540A-9868-4BCF-ADC9-25F144FAAA39}.Debug|Any CPU.ActiveCfg = Debug|Any CPU
		{DA0F540A-9868-4BCF-ADC9-25F144FAAA39}.Debug|Any CPU.Build.0 = Debug|Any CPU
		{DA0F540A-9868-4BCF-ADC9-25F144FAAA39}.Release|Any CPU.ActiveCfg = Release|Any CPU
		{DA0F540A-9868-4BCF-ADC9-25F144FAAA39}.Release|Any CPU.Build.0 = Release|Any CPU
		{37E558B7-F66A-4FFB-BFA9-160F181A37D8}.Debug|Any CPU.ActiveCfg = Debug|Any CPU
		{37E558B7-F66A-4FFB-BFA9-160F181A37D8}.Debug|Any CPU.Build.0 = Debug|Any CPU
		{37E558B7-F66A-4FFB-BFA9-160F181A37D8}.Release|Any CPU.ActiveCfg = Release|Any CPU
		{37E558B7-F66A-4FFB-BFA9-160F181A37D8}.Release|Any CPU.Build.0 = Release|Any CPU
		{37CF2599-6005-4B66-A79F-F9B7EF0ADD53}.Debug|Any CPU.ActiveCfg = Debug|Any CPU
		{37CF2599-6005-4B66-A79F-F9B7EF0ADD53}.Debug|Any CPU.Build.0 = Debug|Any CPU
		{37CF2599-6005-4B66-A79F-F9B7EF0ADD53}.Release|Any CPU.ActiveCfg = Release|Any CPU
		{37CF2599-6005-4B66-A79F-F9B7EF0ADD53}.Release|Any CPU.Build.0 = Release|Any CPU
		{7B7D6153-7AA5-4640-8005-7815F4C80A17}.Debug|Any CPU.ActiveCfg = Debug|Any CPU
		{7B7D6153-7AA5-4640-8005-7815F4C80A17}.Debug|Any CPU.Build.0 = Debug|Any CPU
		{7B7D6153-7AA5-4640-8005-7815F4C80A17}.Release|Any CPU.ActiveCfg = Release|Any CPU
		{7B7D6153-7AA5-4640-8005-7815F4C80A17}.Release|Any CPU.Build.0 = Release|Any CPU
		{AF63A234-04F1-4AE3-96F7-FA22688FAA14}.Debug|Any CPU.ActiveCfg = Debug|Any CPU
		{AF63A234-04F1-4AE3-96F7-FA22688FAA14}.Debug|Any CPU.Build.0 = Debug|Any CPU
		{AF63A234-04F1-4AE3-96F7-FA22688FAA14}.Release|Any CPU.ActiveCfg = Release|Any CPU
		{AF63A234-04F1-4AE3-96F7-FA22688FAA14}.Release|Any CPU.Build.0 = Release|Any CPU
		{F9EB4D0D-4180-4BB7-91F5-BC22C3C3ED8A}.Debug|Any CPU.ActiveCfg = Debug|Any CPU
		{F9EB4D0D-4180-4BB7-91F5-BC22C3C3ED8A}.Debug|Any CPU.Build.0 = Debug|Any CPU
		{F9EB4D0D-4180-4BB7-91F5-BC22C3C3ED8A}.Release|Any CPU.ActiveCfg = Release|Any CPU
		{F9EB4D0D-4180-4BB7-91F5-BC22C3C3ED8A}.Release|Any CPU.Build.0 = Release|Any CPU
		{8B0CA8C5-6ABB-43AA-A2F3-CDCB6EBEE82B}.Debug|Any CPU.ActiveCfg = Debug|Any CPU
		{8B0CA8C5-6ABB-43AA-A2F3-CDCB6EBEE82B}.Debug|Any CPU.Build.0 = Debug|Any CPU
		{8B0CA8C5-6ABB-43AA-A2F3-CDCB6EBEE82B}.Release|Any CPU.ActiveCfg = Release|Any CPU
		{8B0CA8C5-6ABB-43AA-A2F3-CDCB6EBEE82B}.Release|Any CPU.Build.0 = Release|Any CPU
		{72A20DCD-94B2-413E-BA68-1C3248FE2A41}.Debug|Any CPU.ActiveCfg = Debug|Any CPU
		{72A20DCD-94B2-413E-BA68-1C3248FE2A41}.Debug|Any CPU.Build.0 = Debug|Any CPU
		{72A20DCD-94B2-413E-BA68-1C3248FE2A41}.Release|Any CPU.ActiveCfg = Release|Any CPU
		{72A20DCD-94B2-413E-BA68-1C3248FE2A41}.Release|Any CPU.Build.0 = Release|Any CPU
		{F6A9730F-2F33-4E14-9541-25FC06D01EFF}.Debug|Any CPU.ActiveCfg = Debug|Any CPU
		{F6A9730F-2F33-4E14-9541-25FC06D01EFF}.Debug|Any CPU.Build.0 = Debug|Any CPU
		{F6A9730F-2F33-4E14-9541-25FC06D01EFF}.Release|Any CPU.ActiveCfg = Release|Any CPU
		{F6A9730F-2F33-4E14-9541-25FC06D01EFF}.Release|Any CPU.Build.0 = Release|Any CPU
		{5BB9D396-A357-40ED-9572-427F5B66B8A2}.Debug|Any CPU.ActiveCfg = Debug|Any CPU
		{5BB9D396-A357-40ED-9572-427F5B66B8A2}.Debug|Any CPU.Build.0 = Debug|Any CPU
		{5BB9D396-A357-40ED-9572-427F5B66B8A2}.Release|Any CPU.ActiveCfg = Release|Any CPU
		{5BB9D396-A357-40ED-9572-427F5B66B8A2}.Release|Any CPU.Build.0 = Release|Any CPU
		{76AFA124-9C9D-4E60-A385-4562F4B08714}.Debug|Any CPU.ActiveCfg = Debug|Any CPU
		{76AFA124-9C9D-4E60-A385-4562F4B08714}.Debug|Any CPU.Build.0 = Debug|Any CPU
		{76AFA124-9C9D-4E60-A385-4562F4B08714}.Release|Any CPU.ActiveCfg = Release|Any CPU
		{76AFA124-9C9D-4E60-A385-4562F4B08714}.Release|Any CPU.Build.0 = Release|Any CPU
		{2F2D7DDF-E5FA-493D-AE5D-D992D575D8C9}.Debug|Any CPU.ActiveCfg = Debug|Any CPU
		{2F2D7DDF-E5FA-493D-AE5D-D992D575D8C9}.Debug|Any CPU.Build.0 = Debug|Any CPU
		{2F2D7DDF-E5FA-493D-AE5D-D992D575D8C9}.Release|Any CPU.ActiveCfg = Release|Any CPU
		{2F2D7DDF-E5FA-493D-AE5D-D992D575D8C9}.Release|Any CPU.Build.0 = Release|Any CPU
		{1723943E-808F-4711-B3A4-4ABB6BF39F0B}.Debug|Any CPU.ActiveCfg = Debug|Any CPU
		{1723943E-808F-4711-B3A4-4ABB6BF39F0B}.Debug|Any CPU.Build.0 = Debug|Any CPU
		{1723943E-808F-4711-B3A4-4ABB6BF39F0B}.Release|Any CPU.ActiveCfg = Release|Any CPU
		{1723943E-808F-4711-B3A4-4ABB6BF39F0B}.Release|Any CPU.Build.0 = Release|Any CPU
		{FAA0CE1F-68D9-48A1-BC1A-BC578C757D8E}.Debug|Any CPU.ActiveCfg = Debug|Any CPU
		{FAA0CE1F-68D9-48A1-BC1A-BC578C757D8E}.Debug|Any CPU.Build.0 = Debug|Any CPU
		{FAA0CE1F-68D9-48A1-BC1A-BC578C757D8E}.Release|Any CPU.ActiveCfg = Release|Any CPU
		{FAA0CE1F-68D9-48A1-BC1A-BC578C757D8E}.Release|Any CPU.Build.0 = Release|Any CPU
		{0BD6F027-AE7A-4E38-96A6-534AD4D346AA}.Debug|Any CPU.ActiveCfg = Debug|Any CPU
		{0BD6F027-AE7A-4E38-96A6-534AD4D346AA}.Debug|Any CPU.Build.0 = Debug|Any CPU
		{0BD6F027-AE7A-4E38-96A6-534AD4D346AA}.Release|Any CPU.ActiveCfg = Release|Any CPU
		{0BD6F027-AE7A-4E38-96A6-534AD4D346AA}.Release|Any CPU.Build.0 = Release|Any CPU
		{145D8BD6-9A3E-4C14-B3CC-A2C20C34D21D}.Debug|Any CPU.ActiveCfg = Debug|Any CPU
		{145D8BD6-9A3E-4C14-B3CC-A2C20C34D21D}.Debug|Any CPU.Build.0 = Debug|Any CPU
		{145D8BD6-9A3E-4C14-B3CC-A2C20C34D21D}.Release|Any CPU.ActiveCfg = Release|Any CPU
		{145D8BD6-9A3E-4C14-B3CC-A2C20C34D21D}.Release|Any CPU.Build.0 = Release|Any CPU
		{03B8C8BD-6974-4301-8920-7CEA6E32B03C}.Debug|Any CPU.ActiveCfg = Debug|Any CPU
		{03B8C8BD-6974-4301-8920-7CEA6E32B03C}.Debug|Any CPU.Build.0 = Debug|Any CPU
		{03B8C8BD-6974-4301-8920-7CEA6E32B03C}.Release|Any CPU.ActiveCfg = Release|Any CPU
		{03B8C8BD-6974-4301-8920-7CEA6E32B03C}.Release|Any CPU.Build.0 = Release|Any CPU
		{43D8F051-6EFD-4D80-90BC-7DABF585F950}.Debug|Any CPU.ActiveCfg = Debug|Any CPU
		{43D8F051-6EFD-4D80-90BC-7DABF585F950}.Debug|Any CPU.Build.0 = Debug|Any CPU
		{43D8F051-6EFD-4D80-90BC-7DABF585F950}.Release|Any CPU.ActiveCfg = Release|Any CPU
		{43D8F051-6EFD-4D80-90BC-7DABF585F950}.Release|Any CPU.Build.0 = Release|Any CPU
		{F09F5209-5690-4EEE-BE88-2FDE03E1FA26}.Debug|Any CPU.ActiveCfg = Debug|Any CPU
		{F09F5209-5690-4EEE-BE88-2FDE03E1FA26}.Debug|Any CPU.Build.0 = Debug|Any CPU
		{F09F5209-5690-4EEE-BE88-2FDE03E1FA26}.Release|Any CPU.ActiveCfg = Release|Any CPU
		{F09F5209-5690-4EEE-BE88-2FDE03E1FA26}.Release|Any CPU.Build.0 = Release|Any CPU
		{14844CFA-644C-41AE-81A7-59B29145EFEC}.Debug|Any CPU.ActiveCfg = Debug|Any CPU
		{14844CFA-644C-41AE-81A7-59B29145EFEC}.Debug|Any CPU.Build.0 = Debug|Any CPU
		{14844CFA-644C-41AE-81A7-59B29145EFEC}.Release|Any CPU.ActiveCfg = Release|Any CPU
		{14844CFA-644C-41AE-81A7-59B29145EFEC}.Release|Any CPU.Build.0 = Release|Any CPU
		{B5466B57-F533-44DC-A461-B71F8B05A257}.Debug|Any CPU.ActiveCfg = Debug|Any CPU
		{B5466B57-F533-44DC-A461-B71F8B05A257}.Debug|Any CPU.Build.0 = Debug|Any CPU
		{B5466B57-F533-44DC-A461-B71F8B05A257}.Release|Any CPU.ActiveCfg = Release|Any CPU
		{B5466B57-F533-44DC-A461-B71F8B05A257}.Release|Any CPU.Build.0 = Release|Any CPU
		{E83283A0-338A-41EA-B2B7-E354623F11E4}.Debug|Any CPU.ActiveCfg = Debug|Any CPU
		{E83283A0-338A-41EA-B2B7-E354623F11E4}.Debug|Any CPU.Build.0 = Debug|Any CPU
		{E83283A0-338A-41EA-B2B7-E354623F11E4}.Release|Any CPU.ActiveCfg = Release|Any CPU
		{E83283A0-338A-41EA-B2B7-E354623F11E4}.Release|Any CPU.Build.0 = Release|Any CPU
		{8B2AE17A-FFEC-40EC-B46F-C83CD8E63371}.Debug|Any CPU.ActiveCfg = Debug|Any CPU
		{8B2AE17A-FFEC-40EC-B46F-C83CD8E63371}.Debug|Any CPU.Build.0 = Debug|Any CPU
		{8B2AE17A-FFEC-40EC-B46F-C83CD8E63371}.Release|Any CPU.ActiveCfg = Release|Any CPU
		{8B2AE17A-FFEC-40EC-B46F-C83CD8E63371}.Release|Any CPU.Build.0 = Release|Any CPU
		{07032E9B-49BA-4227-A157-D081413DD109}.Debug|Any CPU.ActiveCfg = Debug|Any CPU
		{07032E9B-49BA-4227-A157-D081413DD109}.Debug|Any CPU.Build.0 = Debug|Any CPU
		{07032E9B-49BA-4227-A157-D081413DD109}.Release|Any CPU.ActiveCfg = Release|Any CPU
		{07032E9B-49BA-4227-A157-D081413DD109}.Release|Any CPU.Build.0 = Release|Any CPU
		{CA6F53C3-C5CD-4F77-8824-BE0E81933BBF}.Debug|Any CPU.ActiveCfg = Debug|Any CPU
		{CA6F53C3-C5CD-4F77-8824-BE0E81933BBF}.Debug|Any CPU.Build.0 = Debug|Any CPU
		{CA6F53C3-C5CD-4F77-8824-BE0E81933BBF}.Release|Any CPU.ActiveCfg = Release|Any CPU
		{CA6F53C3-C5CD-4F77-8824-BE0E81933BBF}.Release|Any CPU.Build.0 = Release|Any CPU
		{7527C283-0246-44B4-8AAA-C7A5BB777660}.Debug|Any CPU.ActiveCfg = Debug|Any CPU
		{7527C283-0246-44B4-8AAA-C7A5BB777660}.Debug|Any CPU.Build.0 = Debug|Any CPU
		{7527C283-0246-44B4-8AAA-C7A5BB777660}.Release|Any CPU.ActiveCfg = Release|Any CPU
		{7527C283-0246-44B4-8AAA-C7A5BB777660}.Release|Any CPU.Build.0 = Release|Any CPU
		{459B06FB-1BDC-4061-9C5F-FC4108CE535A}.Debug|Any CPU.ActiveCfg = Debug|Any CPU
		{459B06FB-1BDC-4061-9C5F-FC4108CE535A}.Debug|Any CPU.Build.0 = Debug|Any CPU
		{459B06FB-1BDC-4061-9C5F-FC4108CE535A}.Release|Any CPU.ActiveCfg = Release|Any CPU
		{459B06FB-1BDC-4061-9C5F-FC4108CE535A}.Release|Any CPU.Build.0 = Release|Any CPU
		{35CF82A4-E2F3-432D-A3AA-559ED7D38A5E}.Debug|Any CPU.ActiveCfg = Debug|Any CPU
		{35CF82A4-E2F3-432D-A3AA-559ED7D38A5E}.Debug|Any CPU.Build.0 = Debug|Any CPU
		{35CF82A4-E2F3-432D-A3AA-559ED7D38A5E}.Release|Any CPU.ActiveCfg = Release|Any CPU
		{35CF82A4-E2F3-432D-A3AA-559ED7D38A5E}.Release|Any CPU.Build.0 = Release|Any CPU
		{2961072A-FB97-4F2A-8445-496D08CFE972}.Debug|Any CPU.ActiveCfg = Debug|Any CPU
		{2961072A-FB97-4F2A-8445-496D08CFE972}.Debug|Any CPU.Build.0 = Debug|Any CPU
		{2961072A-FB97-4F2A-8445-496D08CFE972}.Release|Any CPU.ActiveCfg = Release|Any CPU
		{2961072A-FB97-4F2A-8445-496D08CFE972}.Release|Any CPU.Build.0 = Release|Any CPU
		{7D730466-1504-4099-9121-FA09C3476A6E}.Debug|Any CPU.ActiveCfg = Debug|Any CPU
		{7D730466-1504-4099-9121-FA09C3476A6E}.Debug|Any CPU.Build.0 = Debug|Any CPU
		{7D730466-1504-4099-9121-FA09C3476A6E}.Release|Any CPU.ActiveCfg = Release|Any CPU
		{7D730466-1504-4099-9121-FA09C3476A6E}.Release|Any CPU.Build.0 = Release|Any CPU
		{D19E6D2A-74C6-4910-8EB5-8470F1021916}.Debug|Any CPU.ActiveCfg = Debug|Any CPU
		{D19E6D2A-74C6-4910-8EB5-8470F1021916}.Debug|Any CPU.Build.0 = Debug|Any CPU
		{D19E6D2A-74C6-4910-8EB5-8470F1021916}.Release|Any CPU.ActiveCfg = Release|Any CPU
		{D19E6D2A-74C6-4910-8EB5-8470F1021916}.Release|Any CPU.Build.0 = Release|Any CPU
		{46187E70-2ACE-4CD7-950C-6A8E0373EF95}.Debug|Any CPU.ActiveCfg = Debug|Any CPU
		{46187E70-2ACE-4CD7-950C-6A8E0373EF95}.Debug|Any CPU.Build.0 = Debug|Any CPU
		{46187E70-2ACE-4CD7-950C-6A8E0373EF95}.Release|Any CPU.ActiveCfg = Release|Any CPU
		{46187E70-2ACE-4CD7-950C-6A8E0373EF95}.Release|Any CPU.Build.0 = Release|Any CPU
		{27093C9A-FA0C-4B12-823E-7756B2B4C55E}.Debug|Any CPU.ActiveCfg = Debug|Any CPU
		{27093C9A-FA0C-4B12-823E-7756B2B4C55E}.Debug|Any CPU.Build.0 = Debug|Any CPU
		{27093C9A-FA0C-4B12-823E-7756B2B4C55E}.Release|Any CPU.ActiveCfg = Release|Any CPU
		{27093C9A-FA0C-4B12-823E-7756B2B4C55E}.Release|Any CPU.Build.0 = Release|Any CPU
		{C5D9B6D1-5FC4-4943-951E-4523CE5F4ECF}.Debug|Any CPU.ActiveCfg = Debug|Any CPU
		{C5D9B6D1-5FC4-4943-951E-4523CE5F4ECF}.Debug|Any CPU.Build.0 = Debug|Any CPU
		{C5D9B6D1-5FC4-4943-951E-4523CE5F4ECF}.Release|Any CPU.ActiveCfg = Release|Any CPU
		{C5D9B6D1-5FC4-4943-951E-4523CE5F4ECF}.Release|Any CPU.Build.0 = Release|Any CPU
		{61D61CFB-FA25-41B3-9D44-49EA3F6E2B0A}.Debug|Any CPU.ActiveCfg = Debug|Any CPU
		{61D61CFB-FA25-41B3-9D44-49EA3F6E2B0A}.Debug|Any CPU.Build.0 = Debug|Any CPU
		{61D61CFB-FA25-41B3-9D44-49EA3F6E2B0A}.Release|Any CPU.ActiveCfg = Release|Any CPU
		{61D61CFB-FA25-41B3-9D44-49EA3F6E2B0A}.Release|Any CPU.Build.0 = Release|Any CPU
		{3372847A-9786-4287-B3BF-B3D6C7C48324}.Debug|Any CPU.ActiveCfg = Debug|Any CPU
		{3372847A-9786-4287-B3BF-B3D6C7C48324}.Debug|Any CPU.Build.0 = Debug|Any CPU
		{3372847A-9786-4287-B3BF-B3D6C7C48324}.Release|Any CPU.ActiveCfg = Release|Any CPU
		{3372847A-9786-4287-B3BF-B3D6C7C48324}.Release|Any CPU.Build.0 = Release|Any CPU
		{786DBF23-5362-4E44-8EC5-E0CA2D706805}.Debug|Any CPU.ActiveCfg = Debug|Any CPU
		{786DBF23-5362-4E44-8EC5-E0CA2D706805}.Debug|Any CPU.Build.0 = Debug|Any CPU
		{786DBF23-5362-4E44-8EC5-E0CA2D706805}.Release|Any CPU.ActiveCfg = Release|Any CPU
		{786DBF23-5362-4E44-8EC5-E0CA2D706805}.Release|Any CPU.Build.0 = Release|Any CPU
		{A57A49BC-A154-4AB1-B2A9-9099E27C004C}.Debug|Any CPU.ActiveCfg = Debug|Any CPU
		{A57A49BC-A154-4AB1-B2A9-9099E27C004C}.Debug|Any CPU.Build.0 = Debug|Any CPU
		{A57A49BC-A154-4AB1-B2A9-9099E27C004C}.Release|Any CPU.ActiveCfg = Release|Any CPU
		{A57A49BC-A154-4AB1-B2A9-9099E27C004C}.Release|Any CPU.Build.0 = Release|Any CPU
		{5FF82EA6-0C3D-4DB3-9E8F-5EAD8713D0F2}.Debug|Any CPU.ActiveCfg = Debug|Any CPU
		{5FF82EA6-0C3D-4DB3-9E8F-5EAD8713D0F2}.Debug|Any CPU.Build.0 = Debug|Any CPU
		{5FF82EA6-0C3D-4DB3-9E8F-5EAD8713D0F2}.Release|Any CPU.ActiveCfg = Release|Any CPU
		{5FF82EA6-0C3D-4DB3-9E8F-5EAD8713D0F2}.Release|Any CPU.Build.0 = Release|Any CPU
		{9F32FF72-B1AD-41EA-8B9E-149BE93CFEEB}.Debug|Any CPU.ActiveCfg = Debug|Any CPU
		{9F32FF72-B1AD-41EA-8B9E-149BE93CFEEB}.Debug|Any CPU.Build.0 = Debug|Any CPU
		{9F32FF72-B1AD-41EA-8B9E-149BE93CFEEB}.Release|Any CPU.ActiveCfg = Release|Any CPU
		{9F32FF72-B1AD-41EA-8B9E-149BE93CFEEB}.Release|Any CPU.Build.0 = Release|Any CPU
	EndGlobalSection
	GlobalSection(SolutionProperties) = preSolution
		HideSolutionNode = FALSE
	EndGlobalSection
	GlobalSection(ExtensibilityGlobals) = postSolution
		SolutionGuid = {FC7FA7CE-6CCE-4854-AD37-B53F067CD4B1}
	EndGlobalSection
EndGlobal
