
Microsoft Visual Studio Solution File, Format Version 12.00
# Visual Studio Version 17
VisualStudioVersion = 17.2.32630.192
MinimumVisualStudioVersion = 10.0.40219.1
Project("{9A19103F-16F7-4668-BE54-9A1E7A4F7556}") = "R5T.L0089", "R5T.L0089\R5T.L0089.csproj", "{A2E7EF59-1FFC-491D-8E17-A69F1776BDE5}"
EndProject
Project("{2150E333-8FDC-42A3-9474-1A3956D46DE8}") = "_Dependencies", "_Dependencies", "{B1F4CF59-C52A-419A-ADCC-EA84EFE239CF}"
EndProject
Project("{9A19103F-16F7-4668-BE54-9A1E7A4F7556}") = "R5T.L0089.F000", "R5T.L0089.F000\R5T.L0089.F000.csproj", "{1F493EFB-932F-47F2-8D6A-968AAE169C36}"
EndProject
Project("{9A19103F-16F7-4668-BE54-9A1E7A4F7556}") = "R5T.L0089.T000", "R5T.L0089.T000\R5T.L0089.T000.csproj", "{C50FA3DF-DA9E-4FAE-8835-AFC3B7C369BF}"
EndProject
Project("{9A19103F-16F7-4668-BE54-9A1E7A4F7556}") = "R5T.T0131", "..\..\R5T.T0131\source\R5T.T0131\R5T.T0131.csproj", "{86EDF842-9CFE-4604-987B-3BC92D519776}"
EndProject
Project("{9A19103F-16F7-4668-BE54-9A1E7A4F7556}") = "R5T.T0132", "..\..\R5T.T0132\source\R5T.T0132\R5T.T0132.csproj", "{BDB1E197-514A-46F8-A88E-220BA5C2BBE4}"
EndProject
Project("{9A19103F-16F7-4668-BE54-9A1E7A4F7556}") = "R5T.T0142", "..\..\R5T.T0142\source\R5T.T0142\R5T.T0142.csproj", "{8B049F2C-D703-4941-9586-34002B66BEA2}"
EndProject
Project("{9A19103F-16F7-4668-BE54-9A1E7A4F7556}") = "R5T.T0143", "..\..\R5T.T0143\source\R5T.T0143\R5T.T0143.csproj", "{4F55D27D-A85B-462B-87A1-D71222CBD797}"
EndProject
Global
	GlobalSection(SolutionConfigurationPlatforms) = preSolution
		Debug|Any CPU = Debug|Any CPU
		Release|Any CPU = Release|Any CPU
	EndGlobalSection
	GlobalSection(ProjectConfigurationPlatforms) = postSolution
		{A2E7EF59-1FFC-491D-8E17-A69F1776BDE5}.Debug|Any CPU.ActiveCfg = Debug|Any CPU
		{A2E7EF59-1FFC-491D-8E17-A69F1776BDE5}.Debug|Any CPU.Build.0 = Debug|Any CPU
		{A2E7EF59-1FFC-491D-8E17-A69F1776BDE5}.Release|Any CPU.ActiveCfg = Release|Any CPU
		{A2E7EF59-1FFC-491D-8E17-A69F1776BDE5}.Release|Any CPU.Build.0 = Release|Any CPU
		{1F493EFB-932F-47F2-8D6A-968AAE169C36}.Debug|Any CPU.ActiveCfg = Debug|Any CPU
		{1F493EFB-932F-47F2-8D6A-968AAE169C36}.Debug|Any CPU.Build.0 = Debug|Any CPU
		{1F493EFB-932F-47F2-8D6A-968AAE169C36}.Release|Any CPU.ActiveCfg = Release|Any CPU
		{1F493EFB-932F-47F2-8D6A-968AAE169C36}.Release|Any CPU.Build.0 = Release|Any CPU
		{C50FA3DF-DA9E-4FAE-8835-AFC3B7C369BF}.Debug|Any CPU.ActiveCfg = Debug|Any CPU
		{C50FA3DF-DA9E-4FAE-8835-AFC3B7C369BF}.Debug|Any CPU.Build.0 = Debug|Any CPU
		{C50FA3DF-DA9E-4FAE-8835-AFC3B7C369BF}.Release|Any CPU.ActiveCfg = Release|Any CPU
		{C50FA3DF-DA9E-4FAE-8835-AFC3B7C369BF}.Release|Any CPU.Build.0 = Release|Any CPU
		{86EDF842-9CFE-4604-987B-3BC92D519776}.Debug|Any CPU.ActiveCfg = Debug|Any CPU
		{86EDF842-9CFE-4604-987B-3BC92D519776}.Debug|Any CPU.Build.0 = Debug|Any CPU
		{86EDF842-9CFE-4604-987B-3BC92D519776}.Release|Any CPU.ActiveCfg = Release|Any CPU
		{86EDF842-9CFE-4604-987B-3BC92D519776}.Release|Any CPU.Build.0 = Release|Any CPU
		{BDB1E197-514A-46F8-A88E-220BA5C2BBE4}.Debug|Any CPU.ActiveCfg = Debug|Any CPU
		{BDB1E197-514A-46F8-A88E-220BA5C2BBE4}.Debug|Any CPU.Build.0 = Debug|Any CPU
		{BDB1E197-514A-46F8-A88E-220BA5C2BBE4}.Release|Any CPU.ActiveCfg = Release|Any CPU
		{BDB1E197-514A-46F8-A88E-220BA5C2BBE4}.Release|Any CPU.Build.0 = Release|Any CPU
		{8B049F2C-D703-4941-9586-34002B66BEA2}.Debug|Any CPU.ActiveCfg = Debug|Any CPU
		{8B049F2C-D703-4941-9586-34002B66BEA2}.Debug|Any CPU.Build.0 = Debug|Any CPU
		{8B049F2C-D703-4941-9586-34002B66BEA2}.Release|Any CPU.ActiveCfg = Release|Any CPU
		{8B049F2C-D703-4941-9586-34002B66BEA2}.Release|Any CPU.Build.0 = Release|Any CPU
		{4F55D27D-A85B-462B-87A1-D71222CBD797}.Debug|Any CPU.ActiveCfg = Debug|Any CPU
		{4F55D27D-A85B-462B-87A1-D71222CBD797}.Debug|Any CPU.Build.0 = Debug|Any CPU
		{4F55D27D-A85B-462B-87A1-D71222CBD797}.Release|Any CPU.ActiveCfg = Release|Any CPU
		{4F55D27D-A85B-462B-87A1-D71222CBD797}.Release|Any CPU.Build.0 = Release|Any CPU
	EndGlobalSection
	GlobalSection(SolutionProperties) = preSolution
		HideSolutionNode = FALSE
	EndGlobalSection
	GlobalSection(NestedProjects) = preSolution
		{86EDF842-9CFE-4604-987B-3BC92D519776} = {B1F4CF59-C52A-419A-ADCC-EA84EFE239CF}
		{BDB1E197-514A-46F8-A88E-220BA5C2BBE4} = {B1F4CF59-C52A-419A-ADCC-EA84EFE239CF}
		{8B049F2C-D703-4941-9586-34002B66BEA2} = {B1F4CF59-C52A-419A-ADCC-EA84EFE239CF}
		{4F55D27D-A85B-462B-87A1-D71222CBD797} = {B1F4CF59-C52A-419A-ADCC-EA84EFE239CF}
	EndGlobalSection
	GlobalSection(ExtensibilityGlobals) = postSolution
		SolutionGuid = {CCACBD61-3F01-4389-90AA-23C560DF4CE9}
	EndGlobalSection
EndGlobal
